github.com/Acidic9/go-steam v0.0.0-20180123160439-47418f6637e6 h1:5FAlaVco8bJWOhhUrcozY2IPidFuBYeRYy8shl61xoE=
github.com/Acidic9/go-steam v0.0.0-20180123160439-47418f6637e6/go.mod h1:uSBjx/W2Nd/wEZXp+zoHUftA9+oNIF/Q+RRoHDMNXw0=
github.com/folospace/go-mysql-orm v0.8.1 h1:g1xorwRxs9mkPu24iSFlYqixb1YM75nzEURYDM4gZPI=
github.com/folospace/go-mysql-orm v0.8.1/go.mod h1:4mNXY98IHSAvVcFqZUvvRVLCw8agPldDDHTovcUkatc=
github.com/go-sql-driver/mysql v1.7.1 h1:lUIinVbN1DY0xBg0eMOzmmtGoHwWBbvnWubQUrtU8EI=
github.com/go-sql-driver/mysql v1.7.1/go.mod h1:OXbVy3sEdcQ2Doequ6Z5BW6fXNQTmx+9S1MCJN5yJMI=
github.com/gobeam/stringy v0.0.6 h1:IboItevQArUAYUbjb7xmtGoJfN5Aqpk3/bVCd7JgWe0=
github.com/gobeam/stringy v0.0.6/go.mod h1:W3620X9dJHf2FSZF5fRnWekHcHQjwmCz8ZQ2d1qloqE=
github.com/janstuemmel/csgo-log v1.1.1 h1:+4rlVRD2S6TkvCXlEnFQV/iyLLZxXisHLIEEdcRM/mU=
github.com/janstuemmel/csgo-log v1.1.1/go.mod h1:kHqdZWVk8T35lUUP/jtQ2lpquIsWB3YMR7+Y49uwPa0=
github.com/kr/pty v1.1.1/go.mod h1:pFQYn66WHrOpPYNljwOMqo10TkYh1fy3cYio2l3bCsQ=
github.com/kr/text v0.1.0/go.mod h1:4Jbv+DJW3UT/LiOwJeYQe1efqtUx/iVham/4vfdArNI=
github.com/mcuadros/go-defaults v1.2.0 h1:FODb8WSf0uGaY8elWJAkoLL0Ri6AlZ1bFlenk56oZtc=
github.com/mcuadros/go-defaults v1.2.0/go.mod h1:WEZtHEVIGYVDqkKSWBdWKUVdRyKlMfulPaGDWIVeCWY=
github.com/niemeyer/pretty v0.0.0-20200227124842-a10e7caefd8e/go.mod h1:zD1mROLANZcx1PVRCS0qkT7pwLkGfwJo4zjcN/Tysno=
gopkg.in/check.v1 v1.0.0-20200227125254-8fa46927fb4f/go.mod h1:Co6ibVJAznAaIkqp8huTwlJQCZ016jof/cbN4VW5Yz0=
